// !$*UTF8*$!
{
	archiveVersion = 1;
	classes = {
	};
	objectVersion = 55;
	objects = {

/* Begin PBXBuildFile section */
		4F1DEC4328A29FC50077D6D6 /* APILearningApp.swift in Sources */ = {isa = PBXBuildFile; fileRef = 4F1DEC4228A29FC50077D6D6 /* APILearningApp.swift */; };
		4F1DEC4528A29FC50077D6D6 /* ContentView.swift in Sources */ = {isa = PBXBuildFile; fileRef = 4F1DEC4428A29FC50077D6D6 /* ContentView.swift */; };
		4F1DEC4728A29FC60077D6D6 /* Assets.xcassets in Resources */ = {isa = PBXBuildFile; fileRef = 4F1DEC4628A29FC60077D6D6 /* Assets.xcassets */; };
		4F1DEC4A28A29FC60077D6D6 /* Preview Assets.xcassets in Resources */ = {isa = PBXBuildFile; fileRef = 4F1DEC4928A29FC60077D6D6 /* Preview Assets.xcassets */; };
		4F1DEC5428A29FC60077D6D6 /* APILearningTests.swift in Sources */ = {isa = PBXBuildFile; fileRef = 4F1DEC5328A29FC60077D6D6 /* APILearningTests.swift */; };
		4F1DEC5E28A29FC60077D6D6 /* APILearningUITests.swift in Sources */ = {isa = PBXBuildFile; fileRef = 4F1DEC5D28A29FC60077D6D6 /* APILearningUITests.swift */; };
		4F1DEC6028A29FC60077D6D6 /* APILearningUITestsLaunchTests.swift in Sources */ = {isa = PBXBuildFile; fileRef = 4F1DEC5F28A29FC60077D6D6 /* APILearningUITestsLaunchTests.swift */; };
		4F1DEC6D28ABBDBB0077D6D6 /* API.swift in Sources */ = {isa = PBXBuildFile; fileRef = 4F1DEC6C28ABBDBB0077D6D6 /* API.swift */; };
		4F1DEC7028ABD0C70077D6D6 /* Lottie in Frameworks */ = {isa = PBXBuildFile; productRef = 4F1DEC6F28ABD0C70077D6D6 /* Lottie */; };
		4F1DEC7428ABD1C80077D6D6 /* LottieView.swift in Sources */ = {isa = PBXBuildFile; fileRef = 4F1DEC7328ABD1C80077D6D6 /* LottieView.swift */; };
		4F1DEC7628ABD2340077D6D6 /* bolinha.json in Resources */ = {isa = PBXBuildFile; fileRef = 4F1DEC7528ABD2340077D6D6 /* bolinha.json */; };
		4F1DEC7828ABD6620077D6D6 /* hexcolor.swift in Sources */ = {isa = PBXBuildFile; fileRef = 4F1DEC7728ABD6620077D6D6 /* hexcolor.swift */; };
		4F1DEC7A28ABDC300077D6D6 /* muie.json in Resources */ = {isa = PBXBuildFile; fileRef = 4F1DEC7928ABDC300077D6D6 /* muie.json */; };
		4F1DEC7C28ABDD7E0077D6D6 /* pombo.json in Resources */ = {isa = PBXBuildFile; fileRef = 4F1DEC7B28ABDD7E0077D6D6 /* pombo.json */; };
		4F1DEC7E28ABE4630077D6D6 /* SignUp.swift in Sources */ = {isa = PBXBuildFile; fileRef = 4F1DEC7D28ABE4630077D6D6 /* SignUp.swift */; };
		4F1DEC8128AD0CBE0077D6D6 /* PostScreen.swift in Sources */ = {isa = PBXBuildFile; fileRef = 4F1DEC8028AD0CBE0077D6D6 /* PostScreen.swift */; };
		4F1DEC8728AD1E940077D6D6 /* Users.swift in Sources */ = {isa = PBXBuildFile; fileRef = 4F1DEC8628AD1E940077D6D6 /* Users.swift */; };
		4F1DEC8928AD1ED00077D6D6 /* Posts.swift in Sources */ = {isa = PBXBuildFile; fileRef = 4F1DEC8828AD1ED00077D6D6 /* Posts.swift */; };
		4F1DEC8B28AD1EF80077D6D6 /* Mock.swift in Sources */ = {isa = PBXBuildFile; fileRef = 4F1DEC8A28AD1EF80077D6D6 /* Mock.swift */; };
		4F1DEC8D28AD211C0077D6D6 /* LoginScreen.swift in Sources */ = {isa = PBXBuildFile; fileRef = 4F1DEC8C28AD211C0077D6D6 /* LoginScreen.swift */; };
		4F1DEC8F28AD2E9F0077D6D6 /* rolinha.json in Resources */ = {isa = PBXBuildFile; fileRef = 4F1DEC8E28AD2E9F0077D6D6 /* rolinha.json */; };
		4F1DEC9128AD2EF50077D6D6 /* garotoDePrograma.json in Resources */ = {isa = PBXBuildFile; fileRef = 4F1DEC9028AD2EF50077D6D6 /* garotoDePrograma.json */; };
		4F1DEC9328AE66F40077D6D6 /* User.swift in Sources */ = {isa = PBXBuildFile; fileRef = 4F1DEC9228AE66F40077D6D6 /* User.swift */; };
		4F1DEC9528AE7C6C0077D6D6 /* TokenModel.swift in Sources */ = {isa = PBXBuildFile; fileRef = 4F1DEC9428AE7C6C0077D6D6 /* TokenModel.swift */; };
/* End PBXBuildFile section */

/* Begin PBXContainerItemProxy section */
		4F1DEC5028A29FC60077D6D6 /* PBXContainerItemProxy */ = {
			isa = PBXContainerItemProxy;
			containerPortal = 4F1DEC3728A29FC50077D6D6 /* Project object */;
			proxyType = 1;
			remoteGlobalIDString = 4F1DEC3E28A29FC50077D6D6;
			remoteInfo = APILearning;
		};
		4F1DEC5A28A29FC60077D6D6 /* PBXContainerItemProxy */ = {
			isa = PBXContainerItemProxy;
			containerPortal = 4F1DEC3728A29FC50077D6D6 /* Project object */;
			proxyType = 1;
			remoteGlobalIDString = 4F1DEC3E28A29FC50077D6D6;
			remoteInfo = APILearning;
		};
/* End PBXContainerItemProxy section */

/* Begin PBXFileReference section */
		4F1DEC3F28A29FC50077D6D6 /* APILearning.app */ = {isa = PBXFileReference; explicitFileType = wrapper.application; includeInIndex = 0; path = APILearning.app; sourceTree = BUILT_PRODUCTS_DIR; };
		4F1DEC4228A29FC50077D6D6 /* APILearningApp.swift */ = {isa = PBXFileReference; lastKnownFileType = sourcecode.swift; path = APILearningApp.swift; sourceTree = "<group>"; };
		4F1DEC4428A29FC50077D6D6 /* ContentView.swift */ = {isa = PBXFileReference; lastKnownFileType = sourcecode.swift; path = ContentView.swift; sourceTree = "<group>"; };
		4F1DEC4628A29FC60077D6D6 /* Assets.xcassets */ = {isa = PBXFileReference; lastKnownFileType = folder.assetcatalog; path = Assets.xcassets; sourceTree = "<group>"; };
		4F1DEC4928A29FC60077D6D6 /* Preview Assets.xcassets */ = {isa = PBXFileReference; lastKnownFileType = folder.assetcatalog; path = "Preview Assets.xcassets"; sourceTree = "<group>"; };
		4F1DEC4F28A29FC60077D6D6 /* APILearningTests.xctest */ = {isa = PBXFileReference; explicitFileType = wrapper.cfbundle; includeInIndex = 0; path = APILearningTests.xctest; sourceTree = BUILT_PRODUCTS_DIR; };
		4F1DEC5328A29FC60077D6D6 /* APILearningTests.swift */ = {isa = PBXFileReference; lastKnownFileType = sourcecode.swift; path = APILearningTests.swift; sourceTree = "<group>"; };
		4F1DEC5928A29FC60077D6D6 /* APILearningUITests.xctest */ = {isa = PBXFileReference; explicitFileType = wrapper.cfbundle; includeInIndex = 0; path = APILearningUITests.xctest; sourceTree = BUILT_PRODUCTS_DIR; };
		4F1DEC5D28A29FC60077D6D6 /* APILearningUITests.swift */ = {isa = PBXFileReference; lastKnownFileType = sourcecode.swift; path = APILearningUITests.swift; sourceTree = "<group>"; };
		4F1DEC5F28A29FC60077D6D6 /* APILearningUITestsLaunchTests.swift */ = {isa = PBXFileReference; lastKnownFileType = sourcecode.swift; path = APILearningUITestsLaunchTests.swift; sourceTree = "<group>"; };
		4F1DEC6C28ABBDBB0077D6D6 /* API.swift */ = {isa = PBXFileReference; lastKnownFileType = sourcecode.swift; path = API.swift; sourceTree = "<group>"; };
		4F1DEC7328ABD1C80077D6D6 /* LottieView.swift */ = {isa = PBXFileReference; lastKnownFileType = sourcecode.swift; path = LottieView.swift; sourceTree = "<group>"; };
		4F1DEC7528ABD2340077D6D6 /* bolinha.json */ = {isa = PBXFileReference; fileEncoding = 4; lastKnownFileType = text.json; path = bolinha.json; sourceTree = "<group>"; };
		4F1DEC7728ABD6620077D6D6 /* hexcolor.swift */ = {isa = PBXFileReference; lastKnownFileType = sourcecode.swift; path = hexcolor.swift; sourceTree = "<group>"; };
		4F1DEC7928ABDC300077D6D6 /* muie.json */ = {isa = PBXFileReference; fileEncoding = 4; lastKnownFileType = text.json; path = muie.json; sourceTree = "<group>"; };
		4F1DEC7B28ABDD7E0077D6D6 /* pombo.json */ = {isa = PBXFileReference; fileEncoding = 4; lastKnownFileType = text.json; path = pombo.json; sourceTree = "<group>"; };
		4F1DEC7D28ABE4630077D6D6 /* SignUp.swift */ = {isa = PBXFileReference; lastKnownFileType = sourcecode.swift; path = SignUp.swift; sourceTree = "<group>"; };
		4F1DEC8028AD0CBE0077D6D6 /* PostScreen.swift */ = {isa = PBXFileReference; lastKnownFileType = sourcecode.swift; path = PostScreen.swift; sourceTree = "<group>"; };
		4F1DEC8628AD1E940077D6D6 /* Users.swift */ = {isa = PBXFileReference; lastKnownFileType = sourcecode.swift; path = Users.swift; sourceTree = "<group>"; };
		4F1DEC8828AD1ED00077D6D6 /* Posts.swift */ = {isa = PBXFileReference; lastKnownFileType = sourcecode.swift; path = Posts.swift; sourceTree = "<group>"; };
		4F1DEC8A28AD1EF80077D6D6 /* Mock.swift */ = {isa = PBXFileReference; lastKnownFileType = sourcecode.swift; path = Mock.swift; sourceTree = "<group>"; };
		4F1DEC8C28AD211C0077D6D6 /* LoginScreen.swift */ = {isa = PBXFileReference; lastKnownFileType = sourcecode.swift; path = LoginScreen.swift; sourceTree = "<group>"; };
		4F1DEC8E28AD2E9F0077D6D6 /* rolinha.json */ = {isa = PBXFileReference; fileEncoding = 4; lastKnownFileType = text.json; name = rolinha.json; path = ../../../../../../Downloads/rolinha.json; sourceTree = "<group>"; };
		4F1DEC9028AD2EF50077D6D6 /* garotoDePrograma.json */ = {isa = PBXFileReference; fileEncoding = 4; lastKnownFileType = text.json; name = garotoDePrograma.json; path = ../../../../../../Downloads/garotoDePrograma.json; sourceTree = "<group>"; };
		4F1DEC9228AE66F40077D6D6 /* User.swift */ = {isa = PBXFileReference; lastKnownFileType = sourcecode.swift; path = User.swift; sourceTree = "<group>"; };
		4F1DEC9428AE7C6C0077D6D6 /* TokenModel.swift */ = {isa = PBXFileReference; lastKnownFileType = sourcecode.swift; path = TokenModel.swift; sourceTree = "<group>"; };
/* End PBXFileReference section */

/* Begin PBXFrameworksBuildPhase section */
		4F1DEC3C28A29FC50077D6D6 /* Frameworks */ = {
			isa = PBXFrameworksBuildPhase;
			buildActionMask = 2147483647;
			files = (
				4F1DEC7028ABD0C70077D6D6 /* Lottie in Frameworks */,
			);
			runOnlyForDeploymentPostprocessing = 0;
		};
		4F1DEC4C28A29FC60077D6D6 /* Frameworks */ = {
			isa = PBXFrameworksBuildPhase;
			buildActionMask = 2147483647;
			files = (
			);
			runOnlyForDeploymentPostprocessing = 0;
		};
		4F1DEC5628A29FC60077D6D6 /* Frameworks */ = {
			isa = PBXFrameworksBuildPhase;
			buildActionMask = 2147483647;
			files = (
			);
			runOnlyForDeploymentPostprocessing = 0;
		};
/* End PBXFrameworksBuildPhase section */

/* Begin PBXGroup section */
		4F1DEC3628A29FC50077D6D6 = {
			isa = PBXGroup;
			children = (
				4F1DEC4128A29FC50077D6D6 /* APILearning */,
				4F1DEC5228A29FC60077D6D6 /* APILearningTests */,
				4F1DEC5C28A29FC60077D6D6 /* APILearningUITests */,
				4F1DEC4028A29FC50077D6D6 /* Products */,
			);
			sourceTree = "<group>";
		};
		4F1DEC4028A29FC50077D6D6 /* Products */ = {
			isa = PBXGroup;
			children = (
				4F1DEC3F28A29FC50077D6D6 /* APILearning.app */,
				4F1DEC4F28A29FC60077D6D6 /* APILearningTests.xctest */,
				4F1DEC5928A29FC60077D6D6 /* APILearningUITests.xctest */,
			);
			name = Products;
			sourceTree = "<group>";
		};
		4F1DEC4128A29FC50077D6D6 /* APILearning */ = {
			isa = PBXGroup;
			children = (
				4F1DEC4228A29FC50077D6D6 /* APILearningApp.swift */,
				4F1DEC8528AD1E700077D6D6 /* Models */,
				4F1DEC7F28ABF97D0077D6D6 /* View */,
				4F1DEC8228AD117C0077D6D6 /* Services */,
				4F1DEC8328AD11890077D6D6 /* Extension */,
				4F1DEC8428AD11BB0077D6D6 /* JSON */,
				4F1DEC4628A29FC60077D6D6 /* Assets.xcassets */,
				4F1DEC4828A29FC60077D6D6 /* Preview Content */,
			);
			path = APILearning;
			sourceTree = "<group>";
		};
		4F1DEC4828A29FC60077D6D6 /* Preview Content */ = {
			isa = PBXGroup;
			children = (
				4F1DEC4928A29FC60077D6D6 /* Preview Assets.xcassets */,
			);
			path = "Preview Content";
			sourceTree = "<group>";
		};
		4F1DEC5228A29FC60077D6D6 /* APILearningTests */ = {
			isa = PBXGroup;
			children = (
				4F1DEC5328A29FC60077D6D6 /* APILearningTests.swift */,
			);
			path = APILearningTests;
			sourceTree = "<group>";
		};
		4F1DEC5C28A29FC60077D6D6 /* APILearningUITests */ = {
			isa = PBXGroup;
			children = (
				4F1DEC5D28A29FC60077D6D6 /* APILearningUITests.swift */,
				4F1DEC5F28A29FC60077D6D6 /* APILearningUITestsLaunchTests.swift */,
			);
			path = APILearningUITests;
			sourceTree = "<group>";
		};
		4F1DEC7F28ABF97D0077D6D6 /* View */ = {
			isa = PBXGroup;
			children = (
				4F1DEC4428A29FC50077D6D6 /* ContentView.swift */,
				4F1DEC8028AD0CBE0077D6D6 /* PostScreen.swift */,
				4F1DEC7D28ABE4630077D6D6 /* SignUp.swift */,
				4F1DEC8C28AD211C0077D6D6 /* LoginScreen.swift */,
			);
			path = View;
			sourceTree = "<group>";
		};
		4F1DEC8228AD117C0077D6D6 /* Services */ = {
			isa = PBXGroup;
			children = (
				4F1DEC7328ABD1C80077D6D6 /* LottieView.swift */,
				4F1DEC6C28ABBDBB0077D6D6 /* API.swift */,
			);
			path = Services;
			sourceTree = "<group>";
		};
		4F1DEC8328AD11890077D6D6 /* Extension */ = {
			isa = PBXGroup;
			children = (
				4F1DEC7728ABD6620077D6D6 /* hexcolor.swift */,
			);
			path = Extension;
			sourceTree = "<group>";
		};
		4F1DEC8428AD11BB0077D6D6 /* JSON */ = {
			isa = PBXGroup;
			children = (
				4F1DEC7528ABD2340077D6D6 /* bolinha.json */,
				4F1DEC9028AD2EF50077D6D6 /* garotoDePrograma.json */,
				4F1DEC8E28AD2E9F0077D6D6 /* rolinha.json */,
				4F1DEC7B28ABDD7E0077D6D6 /* pombo.json */,
				4F1DEC7928ABDC300077D6D6 /* muie.json */,
			);
			path = JSON;
			sourceTree = "<group>";
		};
		4F1DEC8528AD1E700077D6D6 /* Models */ = {
			isa = PBXGroup;
			children = (
				4F1DEC8628AD1E940077D6D6 /* Users.swift */,
				4F1DEC8828AD1ED00077D6D6 /* Posts.swift */,
				4F1DEC8A28AD1EF80077D6D6 /* Mock.swift */,
				4F1DEC9228AE66F40077D6D6 /* User.swift */,
				4F1DEC9428AE7C6C0077D6D6 /* TokenModel.swift */,
			);
			path = Models;
			sourceTree = "<group>";
		};
/* End PBXGroup section */

/* Begin PBXNativeTarget section */
		4F1DEC3E28A29FC50077D6D6 /* APILearning */ = {
			isa = PBXNativeTarget;
			buildConfigurationList = 4F1DEC6328A29FC60077D6D6 /* Build configuration list for PBXNativeTarget "APILearning" */;
			buildPhases = (
				4F1DEC3B28A29FC50077D6D6 /* Sources */,
				4F1DEC3C28A29FC50077D6D6 /* Frameworks */,
				4F1DEC3D28A29FC50077D6D6 /* Resources */,
			);
			buildRules = (
			);
			dependencies = (
			);
			name = APILearning;
			packageProductDependencies = (
				4F1DEC6F28ABD0C70077D6D6 /* Lottie */,
			);
			productName = APILearning;
			productReference = 4F1DEC3F28A29FC50077D6D6 /* APILearning.app */;
			productType = "com.apple.product-type.application";
		};
		4F1DEC4E28A29FC60077D6D6 /* APILearningTests */ = {
			isa = PBXNativeTarget;
			buildConfigurationList = 4F1DEC6628A29FC60077D6D6 /* Build configuration list for PBXNativeTarget "APILearningTests" */;
			buildPhases = (
				4F1DEC4B28A29FC60077D6D6 /* Sources */,
				4F1DEC4C28A29FC60077D6D6 /* Frameworks */,
				4F1DEC4D28A29FC60077D6D6 /* Resources */,
			);
			buildRules = (
			);
			dependencies = (
				4F1DEC5128A29FC60077D6D6 /* PBXTargetDependency */,
			);
			name = APILearningTests;
			productName = APILearningTests;
			productReference = 4F1DEC4F28A29FC60077D6D6 /* APILearningTests.xctest */;
			productType = "com.apple.product-type.bundle.unit-test";
		};
		4F1DEC5828A29FC60077D6D6 /* APILearningUITests */ = {
			isa = PBXNativeTarget;
			buildConfigurationList = 4F1DEC6928A29FC60077D6D6 /* Build configuration list for PBXNativeTarget "APILearningUITests" */;
			buildPhases = (
				4F1DEC5528A29FC60077D6D6 /* Sources */,
				4F1DEC5628A29FC60077D6D6 /* Frameworks */,
				4F1DEC5728A29FC60077D6D6 /* Resources */,
			);
			buildRules = (
			);
			dependencies = (
				4F1DEC5B28A29FC60077D6D6 /* PBXTargetDependency */,
			);
			name = APILearningUITests;
			productName = APILearningUITests;
			productReference = 4F1DEC5928A29FC60077D6D6 /* APILearningUITests.xctest */;
			productType = "com.apple.product-type.bundle.ui-testing";
		};
/* End PBXNativeTarget section */

/* Begin PBXProject section */
		4F1DEC3728A29FC50077D6D6 /* Project object */ = {
			isa = PBXProject;
			attributes = {
				BuildIndependentTargetsInParallel = 1;
				LastSwiftUpdateCheck = 1340;
				LastUpgradeCheck = 1340;
				TargetAttributes = {
					4F1DEC3E28A29FC50077D6D6 = {
						CreatedOnToolsVersion = 13.4.1;
					};
					4F1DEC4E28A29FC60077D6D6 = {
						CreatedOnToolsVersion = 13.4.1;
						TestTargetID = 4F1DEC3E28A29FC50077D6D6;
					};
					4F1DEC5828A29FC60077D6D6 = {
						CreatedOnToolsVersion = 13.4.1;
						TestTargetID = 4F1DEC3E28A29FC50077D6D6;
					};
				};
			};
			buildConfigurationList = 4F1DEC3A28A29FC50077D6D6 /* Build configuration list for PBXProject "APILearning" */;
			compatibilityVersion = "Xcode 13.0";
			developmentRegion = en;
			hasScannedForEncodings = 0;
			knownRegions = (
				en,
				Base,
			);
			mainGroup = 4F1DEC3628A29FC50077D6D6;
			packageReferences = (
				4F1DEC6E28ABD0C70077D6D6 /* XCRemoteSwiftPackageReference "lottie-ios" */,
			);
			productRefGroup = 4F1DEC4028A29FC50077D6D6 /* Products */;
			projectDirPath = "";
			projectRoot = "";
			targets = (
				4F1DEC3E28A29FC50077D6D6 /* APILearning */,
				4F1DEC4E28A29FC60077D6D6 /* APILearningTests */,
				4F1DEC5828A29FC60077D6D6 /* APILearningUITests */,
			);
		};
/* End PBXProject section */

/* Begin PBXResourcesBuildPhase section */
		4F1DEC3D28A29FC50077D6D6 /* Resources */ = {
			isa = PBXResourcesBuildPhase;
			buildActionMask = 2147483647;
			files = (
				4F1DEC4A28A29FC60077D6D6 /* Preview Assets.xcassets in Resources */,
				4F1DEC9128AD2EF50077D6D6 /* garotoDePrograma.json in Resources */,
				4F1DEC8F28AD2E9F0077D6D6 /* rolinha.json in Resources */,
				4F1DEC7C28ABDD7E0077D6D6 /* pombo.json in Resources */,
				4F1DEC7A28ABDC300077D6D6 /* muie.json in Resources */,
				4F1DEC4728A29FC60077D6D6 /* Assets.xcassets in Resources */,
				4F1DEC7628ABD2340077D6D6 /* bolinha.json in Resources */,
			);
			runOnlyForDeploymentPostprocessing = 0;
		};
		4F1DEC4D28A29FC60077D6D6 /* Resources */ = {
			isa = PBXResourcesBuildPhase;
			buildActionMask = 2147483647;
			files = (
			);
			runOnlyForDeploymentPostprocessing = 0;
		};
		4F1DEC5728A29FC60077D6D6 /* Resources */ = {
			isa = PBXResourcesBuildPhase;
			buildActionMask = 2147483647;
			files = (
			);
			runOnlyForDeploymentPostprocessing = 0;
		};
/* End PBXResourcesBuildPhase section */

/* Begin PBXSourcesBuildPhase section */
		4F1DEC3B28A29FC50077D6D6 /* Sources */ = {
			isa = PBXSourcesBuildPhase;
			buildActionMask = 2147483647;
			files = (
				4F1DEC6D28ABBDBB0077D6D6 /* API.swift in Sources */,
				4F1DEC8B28AD1EF80077D6D6 /* Mock.swift in Sources */,
				4F1DEC8128AD0CBE0077D6D6 /* PostScreen.swift in Sources */,
				4F1DEC7E28ABE4630077D6D6 /* SignUp.swift in Sources */,
				4F1DEC4528A29FC50077D6D6 /* ContentView.swift in Sources */,
				4F1DEC8728AD1E940077D6D6 /* Users.swift in Sources */,
				4F1DEC4328A29FC50077D6D6 /* APILearningApp.swift in Sources */,
				4F1DEC7428ABD1C80077D6D6 /* LottieView.swift in Sources */,
				4F1DEC9328AE66F40077D6D6 /* User.swift in Sources */,
				4F1DEC8928AD1ED00077D6D6 /* Posts.swift in Sources */,
				4F1DEC8D28AD211C0077D6D6 /* LoginScreen.swift in Sources */,
				4F1DEC7828ABD6620077D6D6 /* hexcolor.swift in Sources */,
				4F1DEC9528AE7C6C0077D6D6 /* TokenModel.swift in Sources */,
			);
			runOnlyForDeploymentPostprocessing = 0;
		};
		4F1DEC4B28A29FC60077D6D6 /* Sources */ = {
			isa = PBXSourcesBuildPhase;
			buildActionMask = 2147483647;
			files = (
				4F1DEC5428A29FC60077D6D6 /* APILearningTests.swift in Sources */,
			);
			runOnlyForDeploymentPostprocessing = 0;
		};
		4F1DEC5528A29FC60077D6D6 /* Sources */ = {
			isa = PBXSourcesBuildPhase;
			buildActionMask = 2147483647;
			files = (
				4F1DEC5E28A29FC60077D6D6 /* APILearningUITests.swift in Sources */,
				4F1DEC6028A29FC60077D6D6 /* APILearningUITestsLaunchTests.swift in Sources */,
			);
			runOnlyForDeploymentPostprocessing = 0;
		};
/* End PBXSourcesBuildPhase section */

/* Begin PBXTargetDependency section */
		4F1DEC5128A29FC60077D6D6 /* PBXTargetDependency */ = {
			isa = PBXTargetDependency;
			target = 4F1DEC3E28A29FC50077D6D6 /* APILearning */;
			targetProxy = 4F1DEC5028A29FC60077D6D6 /* PBXContainerItemProxy */;
		};
		4F1DEC5B28A29FC60077D6D6 /* PBXTargetDependency */ = {
			isa = PBXTargetDependency;
			target = 4F1DEC3E28A29FC50077D6D6 /* APILearning */;
			targetProxy = 4F1DEC5A28A29FC60077D6D6 /* PBXContainerItemProxy */;
		};
/* End PBXTargetDependency section */

/* Begin XCBuildConfiguration section */
		4F1DEC6128A29FC60077D6D6 /* Debug */ = {
			isa = XCBuildConfiguration;
			buildSettings = {
				ALWAYS_SEARCH_USER_PATHS = NO;
				CLANG_ANALYZER_NONNULL = YES;
				CLANG_ANALYZER_NUMBER_OBJECT_CONVERSION = YES_AGGRESSIVE;
				CLANG_CXX_LANGUAGE_STANDARD = "gnu++17";
				CLANG_ENABLE_MODULES = YES;
				CLANG_ENABLE_OBJC_ARC = YES;
				CLANG_ENABLE_OBJC_WEAK = YES;
				CLANG_WARN_BLOCK_CAPTURE_AUTORELEASING = YES;
				CLANG_WARN_BOOL_CONVERSION = YES;
				CLANG_WARN_COMMA = YES;
				CLANG_WARN_CONSTANT_CONVERSION = YES;
				CLANG_WARN_DEPRECATED_OBJC_IMPLEMENTATIONS = YES;
				CLANG_WARN_DIRECT_OBJC_ISA_USAGE = YES_ERROR;
				CLANG_WARN_DOCUMENTATION_COMMENTS = YES;
				CLANG_WARN_EMPTY_BODY = YES;
				CLANG_WARN_ENUM_CONVERSION = YES;
				CLANG_WARN_INFINITE_RECURSION = YES;
				CLANG_WARN_INT_CONVERSION = YES;
				CLANG_WARN_NON_LITERAL_NULL_CONVERSION = YES;
				CLANG_WARN_OBJC_IMPLICIT_RETAIN_SELF = YES;
				CLANG_WARN_OBJC_LITERAL_CONVERSION = YES;
				CLANG_WARN_OBJC_ROOT_CLASS = YES_ERROR;
				CLANG_WARN_QUOTED_INCLUDE_IN_FRAMEWORK_HEADER = YES;
				CLANG_WARN_RANGE_LOOP_ANALYSIS = YES;
				CLANG_WARN_STRICT_PROTOTYPES = YES;
				CLANG_WARN_SUSPICIOUS_MOVE = YES;
				CLANG_WARN_UNGUARDED_AVAILABILITY = YES_AGGRESSIVE;
				CLANG_WARN_UNREACHABLE_CODE = YES;
				CLANG_WARN__DUPLICATE_METHOD_MATCH = YES;
				COPY_PHASE_STRIP = NO;
				DEBUG_INFORMATION_FORMAT = dwarf;
				ENABLE_STRICT_OBJC_MSGSEND = YES;
				ENABLE_TESTABILITY = YES;
				GCC_C_LANGUAGE_STANDARD = gnu11;
				GCC_DYNAMIC_NO_PIC = NO;
				GCC_NO_COMMON_BLOCKS = YES;
				GCC_OPTIMIZATION_LEVEL = 0;
				GCC_PREPROCESSOR_DEFINITIONS = (
					"DEBUG=1",
					"$(inherited)",
				);
				GCC_WARN_64_TO_32_BIT_CONVERSION = YES;
				GCC_WARN_ABOUT_RETURN_TYPE = YES_ERROR;
				GCC_WARN_UNDECLARED_SELECTOR = YES;
				GCC_WARN_UNINITIALIZED_AUTOS = YES_AGGRESSIVE;
				GCC_WARN_UNUSED_FUNCTION = YES;
				GCC_WARN_UNUSED_VARIABLE = YES;
				IPHONEOS_DEPLOYMENT_TARGET = 15.5;
				MTL_ENABLE_DEBUG_INFO = INCLUDE_SOURCE;
				MTL_FAST_MATH = YES;
				ONLY_ACTIVE_ARCH = YES;
				SDKROOT = iphoneos;
				SWIFT_ACTIVE_COMPILATION_CONDITIONS = DEBUG;
				SWIFT_OPTIMIZATION_LEVEL = "-Onone";
			};
			name = Debug;
		};
		4F1DEC6228A29FC60077D6D6 /* Release */ = {
			isa = XCBuildConfiguration;
			buildSettings = {
				ALWAYS_SEARCH_USER_PATHS = NO;
				CLANG_ANALYZER_NONNULL = YES;
				CLANG_ANALYZER_NUMBER_OBJECT_CONVERSION = YES_AGGRESSIVE;
				CLANG_CXX_LANGUAGE_STANDARD = "gnu++17";
				CLANG_ENABLE_MODULES = YES;
				CLANG_ENABLE_OBJC_ARC = YES;
				CLANG_ENABLE_OBJC_WEAK = YES;
				CLANG_WARN_BLOCK_CAPTURE_AUTORELEASING = YES;
				CLANG_WARN_BOOL_CONVERSION = YES;
				CLANG_WARN_COMMA = YES;
				CLANG_WARN_CONSTANT_CONVERSION = YES;
				CLANG_WARN_DEPRECATED_OBJC_IMPLEMENTATIONS = YES;
				CLANG_WARN_DIRECT_OBJC_ISA_USAGE = YES_ERROR;
				CLANG_WARN_DOCUMENTATION_COMMENTS = YES;
				CLANG_WARN_EMPTY_BODY = YES;
				CLANG_WARN_ENUM_CONVERSION = YES;
				CLANG_WARN_INFINITE_RECURSION = YES;
				CLANG_WARN_INT_CONVERSION = YES;
				CLANG_WARN_NON_LITERAL_NULL_CONVERSION = YES;
				CLANG_WARN_OBJC_IMPLICIT_RETAIN_SELF = YES;
				CLANG_WARN_OBJC_LITERAL_CONVERSION = YES;
				CLANG_WARN_OBJC_ROOT_CLASS = YES_ERROR;
				CLANG_WARN_QUOTED_INCLUDE_IN_FRAMEWORK_HEADER = YES;
				CLANG_WARN_RANGE_LOOP_ANALYSIS = YES;
				CLANG_WARN_STRICT_PROTOTYPES = YES;
				CLANG_WARN_SUSPICIOUS_MOVE = YES;
				CLANG_WARN_UNGUARDED_AVAILABILITY = YES_AGGRESSIVE;
				CLANG_WARN_UNREACHABLE_CODE = YES;
				CLANG_WARN__DUPLICATE_METHOD_MATCH = YES;
				COPY_PHASE_STRIP = NO;
				DEBUG_INFORMATION_FORMAT = "dwarf-with-dsym";
				ENABLE_NS_ASSERTIONS = NO;
				ENABLE_STRICT_OBJC_MSGSEND = YES;
				GCC_C_LANGUAGE_STANDARD = gnu11;
				GCC_NO_COMMON_BLOCKS = YES;
				GCC_WARN_64_TO_32_BIT_CONVERSION = YES;
				GCC_WARN_ABOUT_RETURN_TYPE = YES_ERROR;
				GCC_WARN_UNDECLARED_SELECTOR = YES;
				GCC_WARN_UNINITIALIZED_AUTOS = YES_AGGRESSIVE;
				GCC_WARN_UNUSED_FUNCTION = YES;
				GCC_WARN_UNUSED_VARIABLE = YES;
				IPHONEOS_DEPLOYMENT_TARGET = 15.5;
				MTL_ENABLE_DEBUG_INFO = NO;
				MTL_FAST_MATH = YES;
				SDKROOT = iphoneos;
				SWIFT_COMPILATION_MODE = wholemodule;
				SWIFT_OPTIMIZATION_LEVEL = "-O";
				VALIDATE_PRODUCT = YES;
			};
			name = Release;
		};
		4F1DEC6428A29FC60077D6D6 /* Debug */ = {
			isa = XCBuildConfiguration;
			buildSettings = {
				ASSETCATALOG_COMPILER_APPICON_NAME = AppIcon;
				ASSETCATALOG_COMPILER_GLOBAL_ACCENT_COLOR_NAME = AccentColor;
				CODE_SIGN_STYLE = Automatic;
				CURRENT_PROJECT_VERSION = 1;
				DEVELOPMENT_ASSET_PATHS = "\"APILearning/Preview Content\"";
				DEVELOPMENT_TEAM = PPSYB39C6H;
				ENABLE_PREVIEWS = YES;
				GENERATE_INFOPLIST_FILE = YES;
				INFOPLIST_KEY_UIApplicationSceneManifest_Generation = YES;
				INFOPLIST_KEY_UIApplicationSupportsIndirectInputEvents = YES;
				INFOPLIST_KEY_UILaunchScreen_Generation = YES;
				INFOPLIST_KEY_UISupportedInterfaceOrientations_iPad = "UIInterfaceOrientationPortrait UIInterfaceOrientationPortraitUpsideDown UIInterfaceOrientationLandscapeLeft UIInterfaceOrientationLandscapeRight";
				INFOPLIST_KEY_UISupportedInterfaceOrientations_iPhone = "UIInterfaceOrientationPortrait UIInterfaceOrientationLandscapeLeft UIInterfaceOrientationLandscapeRight";
				LD_RUNPATH_SEARCH_PATHS = (
					"$(inherited)",
					"@executable_path/Frameworks",
				);
				MARKETING_VERSION = 1.0;
				PRODUCT_BUNDLE_IDENTIFIER = progamming.APILearning;
				PRODUCT_NAME = "$(TARGET_NAME)";
				SWIFT_EMIT_LOC_STRINGS = YES;
				SWIFT_VERSION = 5.0;
				TARGETED_DEVICE_FAMILY = "1,2";
			};
			name = Debug;
		};
		4F1DEC6528A29FC60077D6D6 /* Release */ = {
			isa = XCBuildConfiguration;
			buildSettings = {
				ASSETCATALOG_COMPILER_APPICON_NAME = AppIcon;
				ASSETCATALOG_COMPILER_GLOBAL_ACCENT_COLOR_NAME = AccentColor;
				CODE_SIGN_STYLE = Automatic;
				CURRENT_PROJECT_VERSION = 1;
				DEVELOPMENT_ASSET_PATHS = "\"APILearning/Preview Content\"";
				DEVELOPMENT_TEAM = PPSYB39C6H;
				ENABLE_PREVIEWS = YES;
				GENERATE_INFOPLIST_FILE = YES;
				INFOPLIST_KEY_UIApplicationSceneManifest_Generation = YES;
				INFOPLIST_KEY_UIApplicationSupportsIndirectInputEvents = YES;
				INFOPLIST_KEY_UILaunchScreen_Generation = YES;
				INFOPLIST_KEY_UISupportedInterfaceOrientations_iPad = "UIInterfaceOrientationPortrait UIInterfaceOrientationPortraitUpsideDown UIInterfaceOrientationLandscapeLeft UIInterfaceOrientationLandscapeRight";
				INFOPLIST_KEY_UISupportedInterfaceOrientations_iPhone = "UIInterfaceOrientationPortrait UIInterfaceOrientationLandscapeLeft UIInterfaceOrientationLandscapeRight";
				LD_RUNPATH_SEARCH_PATHS = (
					"$(inherited)",
					"@executable_path/Frameworks",
				);
				MARKETING_VERSION = 1.0;
				PRODUCT_BUNDLE_IDENTIFIER = progamming.APILearning;
				PRODUCT_NAME = "$(TARGET_NAME)";
				SWIFT_EMIT_LOC_STRINGS = YES;
				SWIFT_VERSION = 5.0;
				TARGETED_DEVICE_FAMILY = "1,2";
			};
			name = Release;
		};
		4F1DEC6728A29FC60077D6D6 /* Debug */ = {
			isa = XCBuildConfiguration;
			buildSettings = {
				ALWAYS_EMBED_SWIFT_STANDARD_LIBRARIES = YES;
				BUNDLE_LOADER = "$(TEST_HOST)";
				CODE_SIGN_STYLE = Automatic;
				CURRENT_PROJECT_VERSION = 1;
				DEVELOPMENT_TEAM = PPSYB39C6H;
				GENERATE_INFOPLIST_FILE = YES;
				IPHONEOS_DEPLOYMENT_TARGET = 15.5;
				MARKETING_VERSION = 1.0;
				PRODUCT_BUNDLE_IDENTIFIER = progamming.APILearningTests;
				PRODUCT_NAME = "$(TARGET_NAME)";
				SWIFT_EMIT_LOC_STRINGS = NO;
				SWIFT_VERSION = 5.0;
				TARGETED_DEVICE_FAMILY = "1,2";
				TEST_HOST = "$(BUILT_PRODUCTS_DIR)/APILearning.app/APILearning";
			};
			name = Debug;
		};
		4F1DEC6828A29FC60077D6D6 /* Release */ = {
			isa = XCBuildConfiguration;
			buildSettings = {
				ALWAYS_EMBED_SWIFT_STANDARD_LIBRARIES = YES;
				BUNDLE_LOADER = "$(TEST_HOST)";
				CODE_SIGN_STYLE = Automatic;
				CURRENT_PROJECT_VERSION = 1;
				DEVELOPMENT_TEAM = PPSYB39C6H;
				GENERATE_INFOPLIST_FILE = YES;
				IPHONEOS_DEPLOYMENT_TARGET = 15.5;
				MARKETING_VERSION = 1.0;
				PRODUCT_BUNDLE_IDENTIFIER = progamming.APILearningTests;
				PRODUCT_NAME = "$(TARGET_NAME)";
				SWIFT_EMIT_LOC_STRINGS = NO;
				SWIFT_VERSION = 5.0;
				TARGETED_DEVICE_FAMILY = "1,2";
				TEST_HOST = "$(BUILT_PRODUCTS_DIR)/APILearning.app/APILearning";
			};
			name = Release;
		};
		4F1DEC6A28A29FC60077D6D6 /* Debug */ = {
			isa = XCBuildConfiguration;
			buildSettings = {
				ALWAYS_EMBED_SWIFT_STANDARD_LIBRARIES = YES;
				CODE_SIGN_STYLE = Automatic;
				CURRENT_PROJECT_VERSION = 1;
				DEVELOPMENT_TEAM = PPSYB39C6H;
				GENERATE_INFOPLIST_FILE = YES;
				MARKETING_VERSION = 1.0;
				PRODUCT_BUNDLE_IDENTIFIER = progamming.APILearningUITests;
				PRODUCT_NAME = "$(TARGET_NAME)";
				SWIFT_EMIT_LOC_STRINGS = NO;
				SWIFT_VERSION = 5.0;
				TARGETED_DEVICE_FAMILY = "1,2";
				TEST_TARGET_NAME = APILearning;
			};
			name = Debug;
		};
		4F1DEC6B28A29FC60077D6D6 /* Release */ = {
			isa = XCBuildConfiguration;
			buildSettings = {
				ALWAYS_EMBED_SWIFT_STANDARD_LIBRARIES = YES;
				CODE_SIGN_STYLE = Automatic;
				CURRENT_PROJECT_VERSION = 1;
				DEVELOPMENT_TEAM = PPSYB39C6H;
				GENERATE_INFOPLIST_FILE = YES;
				MARKETING_VERSION = 1.0;
				PRODUCT_BUNDLE_IDENTIFIER = progamming.APILearningUITests;
				PRODUCT_NAME = "$(TARGET_NAME)";
				SWIFT_EMIT_LOC_STRINGS = NO;
				SWIFT_VERSION = 5.0;
				TARGETED_DEVICE_FAMILY = "1,2";
				TEST_TARGET_NAME = APILearning;
			};
			name = Release;
		};
/* End XCBuildConfiguration section */

/* Begin XCConfigurationList section */
		4F1DEC3A28A29FC50077D6D6 /* Build configuration list for PBXProject "APILearning" */ = {
			isa = XCConfigurationList;
			buildConfigurations = (
				4F1DEC6128A29FC60077D6D6 /* Debug */,
				4F1DEC6228A29FC60077D6D6 /* Release */,
			);
			defaultConfigurationIsVisible = 0;
			defaultConfigurationName = Release;
		};
		4F1DEC6328A29FC60077D6D6 /* Build configuration list for PBXNativeTarget "APILearning" */ = {
			isa = XCConfigurationList;
			buildConfigurations = (
				4F1DEC6428A29FC60077D6D6 /* Debug */,
				4F1DEC6528A29FC60077D6D6 /* Release */,
			);
			defaultConfigurationIsVisible = 0;
			defaultConfigurationName = Release;
		};
		4F1DEC6628A29FC60077D6D6 /* Build configuration list for PBXNativeTarget "APILearningTests" */ = {
			isa = XCConfigurationList;
			buildConfigurations = (
				4F1DEC6728A29FC60077D6D6 /* Debug */,
				4F1DEC6828A29FC60077D6D6 /* Release */,
			);
			defaultConfigurationIsVisible = 0;
			defaultConfigurationName = Release;
		};
		4F1DEC6928A29FC60077D6D6 /* Build configuration list for PBXNativeTarget "APILearningUITests" */ = {
			isa = XCConfigurationList;
			buildConfigurations = (
				4F1DEC6A28A29FC60077D6D6 /* Debug */,
				4F1DEC6B28A29FC60077D6D6 /* Release */,
			);
			defaultConfigurationIsVisible = 0;
			defaultConfigurationName = Release;
		};
/* End XCConfigurationList section */

/* Begin XCRemoteSwiftPackageReference section */
		4F1DEC6E28ABD0C70077D6D6 /* XCRemoteSwiftPackageReference "lottie-ios" */ = {
			isa = XCRemoteSwiftPackageReference;
			repositoryURL = "https://github.com/airbnb/lottie-ios.git";
			requirement = {
				kind = upToNextMajorVersion;
				minimumVersion = 3.0.0;
			};
		};
/* End XCRemoteSwiftPackageReference section */

/* Begin XCSwiftPackageProductDependency section */
		4F1DEC6F28ABD0C70077D6D6 /* Lottie */ = {
			isa = XCSwiftPackageProductDependency;
			package = 4F1DEC6E28ABD0C70077D6D6 /* XCRemoteSwiftPackageReference "lottie-ios" */;
			productName = Lottie;
		};
/* End XCSwiftPackageProductDependency section */
	};
	rootObject = 4F1DEC3728A29FC50077D6D6 /* Project object */;
}
